# THIS IS AN AUTOGENERATED FILE. DO NOT EDIT THIS FILE DIRECTLY.
# yarn lockfile v1


axios-miniprogram@^2.0.0-rc-2:
  version "2.0.0-rc-2"
  resolved "https://registry.npmmirror.com/axios-miniprogram/-/axios-miniprogram-2.0.0-rc-2.tgz#2431d61d4cd8813b420843907feb35ae254dccc1"
  integrity sha512-GL1yDds9P/evGPqJFXIU/2VD9/9rUL7I4WnvExuocGWAfEO9oYV7DUt6Vjd5a6F1jkltVCwxtpMPQO9ZWGRZhQ==
